
Microsoft Visual Studio Solution File, Format Version 12.00
# Visual Studio Version 16
VisualStudioVersion = 16.0.30907.101
MinimumVisualStudioVersion = 10.0.40219.1
Project("{8BC9CEB8-8B4A-11D0-8D11-00A0C91BC942}") = "CppPractice", "CppPractice.vcxproj", "{04A08644-DF72-45DC-934E-18E9A6CAEE7A}"
EndProject
Global
	GlobalSection(SolutionConfigurationPlatforms) = preSolution
		Debug|x64 = Debug|x64
		Debug|x86 = Debug|x86
		Release|x64 = Release|x64
		Release|x86 = Release|x86
	EndGlobalSection
	GlobalSection(ProjectConfigurationPlatforms) = postSolution
		{04A08644-DF72-45DC-934E-18E9A6CAEE7A}.Debug|x64.ActiveCfg = Debug|x64
		{04A08644-DF72-45DC-934E-18E9A6CAEE7A}.Debug|x64.Build.0 = Debug|x64
		{04A08644-DF72-45DC-934E-18E9A6CAEE7A}.Debug|x86.ActiveCfg = Debug|Win32
		{04A08644-DF72-45DC-934E-18E9A6CAEE7A}.Debug|x86.Build.0 = Debug|Win32
		{04A08644-DF72-45DC-934E-18E9A6CAEE7A}.Release|x64.ActiveCfg = Release|x64
		{04A08644-DF72-45DC-934E-18E9A6CAEE7A}.Release|x64.Build.0 = Release|x64
		{04A08644-DF72-45DC-934E-18E9A6CAEE7A}.Release|x86.ActiveCfg = Release|Win32
		{04A08644-DF72-45DC-934E-18E9A6CAEE7A}.Release|x86.Build.0 = Release|Win32
	EndGlobalSection
	GlobalSection(SolutionProperties) = preSolution
		HideSolutionNode = FALSE
	EndGlobalSection
	GlobalSection(ExtensibilityGlobals) = postSolution
		SolutionGuid = {2FC20A12-E34A-4113-AF7E-F826988BCBE1}
	EndGlobalSection
EndGlobal
